// !$*UTF8*$!
{
	archiveVersion = 1;
	classes = {
	};
	objectVersion = 46;
	objects = {

/* Begin PBXBuildFile section */
		8B2E53CE1C2AC31900C9AC47 /* AppDelegate.swift in Sources */ = {isa = PBXBuildFile; fileRef = 8B2E53CD1C2AC31900C9AC47 /* AppDelegate.swift */; };
		8B2E53D01C2AC31900C9AC47 /* ViewController.swift in Sources */ = {isa = PBXBuildFile; fileRef = 8B2E53CF1C2AC31900C9AC47 /* ViewController.swift */; };
		8B2E53D31C2AC31900C9AC47 /* Main.storyboard in Resources */ = {isa = PBXBuildFile; fileRef = 8B2E53D11C2AC31900C9AC47 /* Main.storyboard */; };
		8B2E53D51C2AC31900C9AC47 /* Assets.xcassets in Resources */ = {isa = PBXBuildFile; fileRef = 8B2E53D41C2AC31900C9AC47 /* Assets.xcassets */; };
		8B2E53D81C2AC31900C9AC47 /* LaunchScreen.storyboard in Resources */ = {isa = PBXBuildFile; fileRef = 8B2E53D61C2AC31900C9AC47 /* LaunchScreen.storyboard */; };
		8B2E53E31C2AC31900C9AC47 /* MMChatTests.swift in Sources */ = {isa = PBXBuildFile; fileRef = 8B2E53E21C2AC31900C9AC47 /* MMChatTests.swift */; };
		C9BF0143BBC1E4E412BF8629 /* Pods.framework in Frameworks */ = {isa = PBXBuildFile; fileRef = 6622CC48F4FE90AA03DBE8F9 /* Pods.framework */; };
/* End PBXBuildFile section */

/* Begin PBXContainerItemProxy section */
		8B2E53DF1C2AC31900C9AC47 /* PBXContainerItemProxy */ = {
			isa = PBXContainerItemProxy;
			containerPortal = 8B2E53C21C2AC31900C9AC47 /* Project object */;
			proxyType = 1;
			remoteGlobalIDString = 8B2E53C91C2AC31900C9AC47;
			remoteInfo = MMChat;
		};
/* End PBXContainerItemProxy section */

/* Begin PBXFileReference section */
		6622CC48F4FE90AA03DBE8F9 /* Pods.framework */ = {isa = PBXFileReference; explicitFileType = wrapper.framework; includeInIndex = 0; path = Pods.framework; sourceTree = BUILT_PRODUCTS_DIR; };
		8B2E53CA1C2AC31900C9AC47 /* MMChat.app */ = {isa = PBXFileReference; explicitFileType = wrapper.application; includeInIndex = 0; path = MMChat.app; sourceTree = BUILT_PRODUCTS_DIR; };
		8B2E53CD1C2AC31900C9AC47 /* AppDelegate.swift */ = {isa = PBXFileReference; lastKnownFileType = sourcecode.swift; path = AppDelegate.swift; sourceTree = "<group>"; };
		8B2E53CF1C2AC31900C9AC47 /* ViewController.swift */ = {isa = PBXFileReference; lastKnownFileType = sourcecode.swift; path = ViewController.swift; sourceTree = "<group>"; };
		8B2E53D21C2AC31900C9AC47 /* Base */ = {isa = PBXFileReference; lastKnownFileType = file.storyboard; name = Base; path = Base.lproj/Main.storyboard; sourceTree = "<group>"; };
		8B2E53D41C2AC31900C9AC47 /* Assets.xcassets */ = {isa = PBXFileReference; lastKnownFileType = folder.assetcatalog; path = Assets.xcassets; sourceTree = "<group>"; };
		8B2E53D71C2AC31900C9AC47 /* Base */ = {isa = PBXFileReference; lastKnownFileType = file.storyboard; name = Base; path = Base.lproj/LaunchScreen.storyboard; sourceTree = "<group>"; };
		8B2E53D91C2AC31900C9AC47 /* Info.plist */ = {isa = PBXFileReference; lastKnownFileType = text.plist.xml; path = Info.plist; sourceTree = "<group>"; };
		8B2E53DE1C2AC31900C9AC47 /* MMChatTests.xctest */ = {isa = PBXFileReference; explicitFileType = wrapper.cfbundle; includeInIndex = 0; path = MMChatTests.xctest; sourceTree = BUILT_PRODUCTS_DIR; };
		8B2E53E21C2AC31900C9AC47 /* MMChatTests.swift */ = {isa = PBXFileReference; lastKnownFileType = sourcecode.swift; path = MMChatTests.swift; sourceTree = "<group>"; };
		8B2E53E41C2AC31900C9AC47 /* Info.plist */ = {isa = PBXFileReference; lastKnownFileType = text.plist.xml; path = Info.plist; sourceTree = "<group>"; };
		9B1845AFF91157CEDCC1D6E3 /* Pods.debug.xcconfig */ = {isa = PBXFileReference; includeInIndex = 1; lastKnownFileType = text.xcconfig; name = Pods.debug.xcconfig; path = "Pods/Target Support Files/Pods/Pods.debug.xcconfig"; sourceTree = "<group>"; };
		D530003B360E31447A1F6A63 /* Pods.release.xcconfig */ = {isa = PBXFileReference; includeInIndex = 1; lastKnownFileType = text.xcconfig; name = Pods.release.xcconfig; path = "Pods/Target Support Files/Pods/Pods.release.xcconfig"; sourceTree = "<group>"; };
/* End PBXFileReference section */

/* Begin PBXFrameworksBuildPhase section */
		8B2E53C71C2AC31900C9AC47 /* Frameworks */ = {
			isa = PBXFrameworksBuildPhase;
			buildActionMask = 2147483647;
			files = (
				C9BF0143BBC1E4E412BF8629 /* Pods.framework in Frameworks */,
			);
			runOnlyForDeploymentPostprocessing = 0;
		};
		8B2E53DB1C2AC31900C9AC47 /* Frameworks */ = {
			isa = PBXFrameworksBuildPhase;
			buildActionMask = 2147483647;
			files = (
			);
			runOnlyForDeploymentPostprocessing = 0;
		};
/* End PBXFrameworksBuildPhase section */

/* Begin PBXGroup section */
		72D70E5961C7F3A180077AC3 /* Frameworks */ = {
			isa = PBXGroup;
			children = (
				6622CC48F4FE90AA03DBE8F9 /* Pods.framework */,
			);
			name = Frameworks;
			sourceTree = "<group>";
		};
		8B2E53C11C2AC31900C9AC47 = {
			isa = PBXGroup;
			children = (
				8B2E53CC1C2AC31900C9AC47 /* MMChat */,
				8B2E53E11C2AC31900C9AC47 /* MMChatTests */,
				8B2E53CB1C2AC31900C9AC47 /* Products */,
				E34B15ABF8CC1C3FB094E241 /* Pods */,
				72D70E5961C7F3A180077AC3 /* Frameworks */,
			);
			sourceTree = "<group>";
		};
		8B2E53CB1C2AC31900C9AC47 /* Products */ = {
			isa = PBXGroup;
			children = (
				8B2E53CA1C2AC31900C9AC47 /* MMChat.app */,
				8B2E53DE1C2AC31900C9AC47 /* MMChatTests.xctest */,
			);
			name = Products;
			sourceTree = "<group>";
		};
		8B2E53CC1C2AC31900C9AC47 /* MMChat */ = {
			isa = PBXGroup;
			children = (
				8B2E53CD1C2AC31900C9AC47 /* AppDelegate.swift */,
				8B2E53CF1C2AC31900C9AC47 /* ViewController.swift */,
				8B2E53D11C2AC31900C9AC47 /* Main.storyboard */,
				8B2E53D41C2AC31900C9AC47 /* Assets.xcassets */,
				8B2E53D61C2AC31900C9AC47 /* LaunchScreen.storyboard */,
				8B2E53D91C2AC31900C9AC47 /* Info.plist */,
			);
			path = MMChat;
			sourceTree = "<group>";
		};
		8B2E53E11C2AC31900C9AC47 /* MMChatTests */ = {
			isa = PBXGroup;
			children = (
				8B2E53E21C2AC31900C9AC47 /* MMChatTests.swift */,
				8B2E53E41C2AC31900C9AC47 /* Info.plist */,
			);
			path = MMChatTests;
			sourceTree = "<group>";
		};
		E34B15ABF8CC1C3FB094E241 /* Pods */ = {
			isa = PBXGroup;
			children = (
				9B1845AFF91157CEDCC1D6E3 /* Pods.debug.xcconfig */,
				D530003B360E31447A1F6A63 /* Pods.release.xcconfig */,
			);
			name = Pods;
			sourceTree = "<group>";
		};
/* End PBXGroup section */

/* Begin PBXNativeTarget section */
		8B2E53C91C2AC31900C9AC47 /* MMChat */ = {
			isa = PBXNativeTarget;
			buildConfigurationList = 8B2E53E71C2AC31900C9AC47 /* Build configuration list for PBXNativeTarget "MMChat" */;
			buildPhases = (
				FAF1D043402EB81F9E480D64 /* Check Pods Manifest.lock */,
				8B2E53C61C2AC31900C9AC47 /* Sources */,
				8B2E53C71C2AC31900C9AC47 /* Frameworks */,
				8B2E53C81C2AC31900C9AC47 /* Resources */,
				D4D2EC7ECC281E593B9A936A /* Embed Pods Frameworks */,
				093772B36C265444FFA91809 /* Copy Pods Resources */,
			);
			buildRules = (
			);
			dependencies = (
			);
			name = MMChat;
			productName = MMChat;
			productReference = 8B2E53CA1C2AC31900C9AC47 /* MMChat.app */;
			productType = "com.apple.product-type.application";
		};
		8B2E53DD1C2AC31900C9AC47 /* MMChatTests */ = {
			isa = PBXNativeTarget;
			buildConfigurationList = 8B2E53EA1C2AC31900C9AC47 /* Build configuration list for PBXNativeTarget "MMChatTests" */;
			buildPhases = (
				8B2E53DA1C2AC31900C9AC47 /* Sources */,
				8B2E53DB1C2AC31900C9AC47 /* Frameworks */,
				8B2E53DC1C2AC31900C9AC47 /* Resources */,
			);
			buildRules = (
			);
			dependencies = (
				8B2E53E01C2AC31900C9AC47 /* PBXTargetDependency */,
			);
			name = MMChatTests;
			productName = MMChatTests;
			productReference = 8B2E53DE1C2AC31900C9AC47 /* MMChatTests.xctest */;
			productType = "com.apple.product-type.bundle.unit-test";
		};
/* End PBXNativeTarget section */

/* Begin PBXProject section */
		8B2E53C21C2AC31900C9AC47 /* Project object */ = {
			isa = PBXProject;
			attributes = {
				LastSwiftUpdateCheck = 0720;
				LastUpgradeCheck = 0720;
				ORGANIZATIONNAME = "Kostya Grishchenko";
				TargetAttributes = {
					8B2E53C91C2AC31900C9AC47 = {
						CreatedOnToolsVersion = 7.2;
					};
					8B2E53DD1C2AC31900C9AC47 = {
						CreatedOnToolsVersion = 7.2;
						TestTargetID = 8B2E53C91C2AC31900C9AC47;
					};
				};
			};
			buildConfigurationList = 8B2E53C51C2AC31900C9AC47 /* Build configuration list for PBXProject "MMChat" */;
			compatibilityVersion = "Xcode 3.2";
			developmentRegion = English;
			hasScannedForEncodings = 0;
			knownRegions = (
				en,
				Base,
			);
			mainGroup = 8B2E53C11C2AC31900C9AC47;
			productRefGroup = 8B2E53CB1C2AC31900C9AC47 /* Products */;
			projectDirPath = "";
			projectRoot = "";
			targets = (
				8B2E53C91C2AC31900C9AC47 /* MMChat */,
				8B2E53DD1C2AC31900C9AC47 /* MMChatTests */,
			);
		};
/* End PBXProject section */

/* Begin PBXResourcesBuildPhase section */
		8B2E53C81C2AC31900C9AC47 /* Resources */ = {
			isa = PBXResourcesBuildPhase;
			buildActionMask = 2147483647;
			files = (
				8B2E53D81C2AC31900C9AC47 /* LaunchScreen.storyboard in Resources */,
				8B2E53D51C2AC31900C9AC47 /* Assets.xcassets in Resources */,
				8B2E53D31C2AC31900C9AC47 /* Main.storyboard in Resources */,
			);
			runOnlyForDeploymentPostprocessing = 0;
		};
		8B2E53DC1C2AC31900C9AC47 /* Resources */ = {
			isa = PBXResourcesBuildPhase;
			buildActionMask = 2147483647;
			files = (
			);
			runOnlyForDeploymentPostprocessing = 0;
		};
/* End PBXResourcesBuildPhase section */

/* Begin PBXShellScriptBuildPhase section */
		093772B36C265444FFA91809 /* Copy Pods Resources */ = {
			isa = PBXShellScriptBuildPhase;
			buildActionMask = 2147483647;
			files = (
			);
			inputPaths = (
			);
			name = "Copy Pods Resources";
			outputPaths = (
			);
			runOnlyForDeploymentPostprocessing = 0;
			shellPath = /bin/sh;
			shellScript = "\"${SRCROOT}/Pods/Target Support Files/Pods/Pods-resources.sh\"\n";
			showEnvVarsInLog = 0;
		};
		D4D2EC7ECC281E593B9A936A /* Embed Pods Frameworks */ = {
			isa = PBXShellScriptBuildPhase;
			buildActionMask = 2147483647;
			files = (
			);
			inputPaths = (
			);
			name = "Embed Pods Frameworks";
			outputPaths = (
			);
			runOnlyForDeploymentPostprocessing = 0;
			shellPath = /bin/sh;
			shellScript = "\"${SRCROOT}/Pods/Target Support Files/Pods/Pods-frameworks.sh\"\n";
			showEnvVarsInLog = 0;
		};
		FAF1D043402EB81F9E480D64 /* Check Pods Manifest.lock */ = {
			isa = PBXShellScriptBuildPhase;
			buildActionMask = 2147483647;
			files = (
			);
			inputPaths = (
			);
			name = "Check Pods Manifest.lock";
			outputPaths = (
			);
			runOnlyForDeploymentPostprocessing = 0;
			shellPath = /bin/sh;
			shellScript = "diff \"${PODS_ROOT}/../Podfile.lock\" \"${PODS_ROOT}/Manifest.lock\" > /dev/null\nif [[ $? != 0 ]] ; then\n    cat << EOM\nerror: The sandbox is not in sync with the Podfile.lock. Run 'pod install' or update your CocoaPods installation.\nEOM\n    exit 1\nfi\n";
			showEnvVarsInLog = 0;
		};
/* End PBXShellScriptBuildPhase section */

/* Begin PBXSourcesBuildPhase section */
		8B2E53C61C2AC31900C9AC47 /* Sources */ = {
			isa = PBXSourcesBuildPhase;
			buildActionMask = 2147483647;
			files = (
				8B2E53D01C2AC31900C9AC47 /* ViewController.swift in Sources */,
				8B2E53CE1C2AC31900C9AC47 /* AppDelegate.swift in Sources */,
			);
			runOnlyForDeploymentPostprocessing = 0;
		};
		8B2E53DA1C2AC31900C9AC47 /* Sources */ = {
			isa = PBXSourcesBuildPhase;
			buildActionMask = 2147483647;
			files = (
				8B2E53E31C2AC31900C9AC47 /* MMChatTests.swift in Sources */,
			);
			runOnlyForDeploymentPostprocessing = 0;
		};
/* End PBXSourcesBuildPhase section */

/* Begin PBXTargetDependency section */
		8B2E53E01C2AC31900C9AC47 /* PBXTargetDependency */ = {
			isa = PBXTargetDependency;
			target = 8B2E53C91C2AC31900C9AC47 /* MMChat */;
			targetProxy = 8B2E53DF1C2AC31900C9AC47 /* PBXContainerItemProxy */;
		};
/* End PBXTargetDependency section */

/* Begin PBXVariantGroup section */
		8B2E53D11C2AC31900C9AC47 /* Main.storyboard */ = {
			isa = PBXVariantGroup;
			children = (
				8B2E53D21C2AC31900C9AC47 /* Base */,
			);
			name = Main.storyboard;
			sourceTree = "<group>";
		};
		8B2E53D61C2AC31900C9AC47 /* LaunchScreen.storyboard */ = {
			isa = PBXVariantGroup;
			children = (
				8B2E53D71C2AC31900C9AC47 /* Base */,
			);
			name = LaunchScreen.storyboard;
			sourceTree = "<group>";
		};
/* End PBXVariantGroup section */

/* Begin XCBuildConfiguration section */
		8B2E53E51C2AC31900C9AC47 /* Debug */ = {
			isa = XCBuildConfiguration;
			buildSettings = {
				ALWAYS_SEARCH_USER_PATHS = NO;
				CLANG_CXX_LANGUAGE_STANDARD = "gnu++0x";
				CLANG_CXX_LIBRARY = "libc++";
				CLANG_ENABLE_MODULES = YES;
				CLANG_ENABLE_OBJC_ARC = YES;
				CLANG_WARN_BOOL_CONVERSION = YES;
				CLANG_WARN_CONSTANT_CONVERSION = YES;
				CLANG_WARN_DIRECT_OBJC_ISA_USAGE = YES_ERROR;
				CLANG_WARN_EMPTY_BODY = YES;
				CLANG_WARN_ENUM_CONVERSION = YES;
				CLANG_WARN_INT_CONVERSION = YES;
				CLANG_WARN_OBJC_ROOT_CLASS = YES_ERROR;
				CLANG_WARN_UNREACHABLE_CODE = YES;
				CLANG_WARN__DUPLICATE_METHOD_MATCH = YES;
				"CODE_SIGN_IDENTITY[sdk=iphoneos*]" = "iPhone Developer";
				COPY_PHASE_STRIP = NO;
				DEBUG_INFORMATION_FORMAT = dwarf;
				ENABLE_STRICT_OBJC_MSGSEND = YES;
				ENABLE_TESTABILITY = YES;
				GCC_C_LANGUAGE_STANDARD = gnu99;
				GCC_DYNAMIC_NO_PIC = NO;
				GCC_NO_COMMON_BLOCKS = YES;
				GCC_OPTIMIZATION_LEVEL = 0;
				GCC_PREPROCESSOR_DEFINITIONS = (
					"DEBUG=1",
					"$(inherited)",
				);
				GCC_WARN_64_TO_32_BIT_CONVERSION = YES;
				GCC_WARN_ABOUT_RETURN_TYPE = YES_ERROR;
				GCC_WARN_UNDECLARED_SELECTOR = YES;
				GCC_WARN_UNINITIALIZED_AUTOS = YES_AGGRESSIVE;
				GCC_WARN_UNUSED_FUNCTION = YES;
				GCC_WARN_UNUSED_VARIABLE = YES;
				IPHONEOS_DEPLOYMENT_TARGET = 9.2;
				MTL_ENABLE_DEBUG_INFO = YES;
				ONLY_ACTIVE_ARCH = YES;
				SDKROOT = iphoneos;
				SWIFT_OPTIMIZATION_LEVEL = "-Onone";
			};
			name = Debug;
		};
		8B2E53E61C2AC31900C9AC47 /* Release */ = {
			isa = XCBuildConfiguration;
			buildSettings = {
				ALWAYS_SEARCH_USER_PATHS = NO;
				CLANG_CXX_LANGUAGE_STANDARD = "gnu++0x";
				CLANG_CXX_LIBRARY = "libc++";
				CLANG_ENABLE_MODULES = YES;
				CLANG_ENABLE_OBJC_ARC = YES;
				CLANG_WARN_BOOL_CONVERSION = YES;
				CLANG_WARN_CONSTANT_CONVERSION = YES;
				CLANG_WARN_DIRECT_OBJC_ISA_USAGE = YES_ERROR;
				CLANG_WARN_EMPTY_BODY = YES;
				CLANG_WARN_ENUM_CONVERSION = YES;
				CLANG_WARN_INT_CONVERSION = YES;
				CLANG_WARN_OBJC_ROOT_CLASS = YES_ERROR;
				CLANG_WARN_UNREACHABLE_CODE = YES;
				CLANG_WARN__DUPLICATE_METHOD_MATCH = YES;
				"CODE_SIGN_IDENTITY[sdk=iphoneos*]" = "iPhone Developer";
				COPY_PHASE_STRIP = NO;
				DEBUG_INFORMATION_FORMAT = "dwarf-with-dsym";
				ENABLE_NS_ASSERTIONS = NO;
				ENABLE_STRICT_OBJC_MSGSEND = YES;
				GCC_C_LANGUAGE_STANDARD = gnu99;
				GCC_NO_COMMON_BLOCKS = YES;
				GCC_WARN_64_TO_32_BIT_CONVERSION = YES;
				GCC_WARN_ABOUT_RETURN_TYPE = YES_ERROR;
				GCC_WARN_UNDECLARED_SELECTOR = YES;
				GCC_WARN_UNINITIALIZED_AUTOS = YES_AGGRESSIVE;
				GCC_WARN_UNUSED_FUNCTION = YES;
				GCC_WARN_UNUSED_VARIABLE = YES;
				IPHONEOS_DEPLOYMENT_TARGET = 9.2;
				MTL_ENABLE_DEBUG_INFO = NO;
				SDKROOT = iphoneos;
				VALIDATE_PRODUCT = YES;
			};
			name = Release;
		};
		8B2E53E81C2AC31900C9AC47 /* Debug */ = {
			isa = XCBuildConfiguration;
			baseConfigurationReference = 9B1845AFF91157CEDCC1D6E3 /* Pods.debug.xcconfig */;
			buildSettings = {
				ASSETCATALOG_COMPILER_APPICON_NAME = AppIcon;
				INFOPLIST_FILE = MMChat/Info.plist;
				IPHONEOS_DEPLOYMENT_TARGET = 8.0;
				LD_RUNPATH_SEARCH_PATHS = "$(inherited) @executable_path/Frameworks";
				PRODUCT_BUNDLE_IDENTIFIER = com.magnet.MMChat;
				PRODUCT_NAME = "$(TARGET_NAME)";
			};
			name = Debug;
		};
		8B2E53E91C2AC31900C9AC47 /* Release */ = {
			isa = XCBuildConfiguration;
			baseConfigurationReference = D530003B360E31447A1F6A63 /* Pods.release.xcconfig */;
			buildSettings = {
				ASSETCATALOG_COMPILER_APPICON_NAME = AppIcon;
				INFOPLIST_FILE = MMChat/Info.plist;
				IPHONEOS_DEPLOYMENT_TARGET = 8.0;
				LD_RUNPATH_SEARCH_PATHS = "$(inherited) @executable_path/Frameworks";
				PRODUCT_BUNDLE_IDENTIFIER = com.magnet.MMChat;
				PRODUCT_NAME = "$(TARGET_NAME)";
			};
			name = Release;
		};
		8B2E53EB1C2AC31900C9AC47 /* Debug */ = {
			isa = XCBuildConfiguration;
			buildSettings = {
				BUNDLE_LOADER = "$(TEST_HOST)";
				INFOPLIST_FILE = MMChatTests/Info.plist;
				LD_RUNPATH_SEARCH_PATHS = "$(inherited) @executable_path/Frameworks @loader_path/Frameworks";
				PRODUCT_BUNDLE_IDENTIFIER = com.magnet.MMChatTests;
				PRODUCT_NAME = "$(TARGET_NAME)";
				TEST_HOST = "$(BUILT_PRODUCTS_DIR)/MMChat.app/MMChat";
			};
			name = Debug;
		};
		8B2E53EC1C2AC31900C9AC47 /* Release */ = {
			isa = XCBuildConfiguration;
			buildSettings = {
				BUNDLE_LOADER = "$(TEST_HOST)";
				INFOPLIST_FILE = MMChatTests/Info.plist;
				LD_RUNPATH_SEARCH_PATHS = "$(inherited) @executable_path/Frameworks @loader_path/Frameworks";
				PRODUCT_BUNDLE_IDENTIFIER = com.magnet.MMChatTests;
				PRODUCT_NAME = "$(TARGET_NAME)";
				TEST_HOST = "$(BUILT_PRODUCTS_DIR)/MMChat.app/MMChat";
			};
			name = Release;
		};
/* End XCBuildConfiguration section */

/* Begin XCConfigurationList section */
		8B2E53C51C2AC31900C9AC47 /* Build configuration list for PBXProject "MMChat" */ = {
			isa = XCConfigurationList;
			buildConfigurations = (
				8B2E53E51C2AC31900C9AC47 /* Debug */,
				8B2E53E61C2AC31900C9AC47 /* Release */,
			);
			defaultConfigurationIsVisible = 0;
			defaultConfigurationName = Release;
		};
		8B2E53E71C2AC31900C9AC47 /* Build configuration list for PBXNativeTarget "MMChat" */ = {
			isa = XCConfigurationList;
			buildConfigurations = (
				8B2E53E81C2AC31900C9AC47 /* Debug */,
				8B2E53E91C2AC31900C9AC47 /* Release */,
			);
			defaultConfigurationIsVisible = 0;
			defaultConfigurationName = Release;
		};
		8B2E53EA1C2AC31900C9AC47 /* Build configuration list for PBXNativeTarget "MMChatTests" */ = {
			isa = XCConfigurationList;
			buildConfigurations = (
				8B2E53EB1C2AC31900C9AC47 /* Debug */,
				8B2E53EC1C2AC31900C9AC47 /* Release */,
			);
			defaultConfigurationIsVisible = 0;
			defaultConfigurationName = Release;
		};
/* End XCConfigurationList section */
	};
	rootObject = 8B2E53C21C2AC31900C9AC47 /* Project object */;
}
